# This file is autogenerated, do not edit; changes may be undone by the next 'dep ensure'.


[[projects]]
  branch = "master"
  name = "github.com/alecthomas/units"
  packages = ["."]
  revision = "2efee857e7cfd4f3d0138cc3cbb1b4966962b93a"

[[projects]]
  branch = "master"
  name = "github.com/goamz/goamz"
  packages = [
    "aws",
    "sqs"
  ]
  revision = "8b901b531db8fca1529b05bfa948605b01ca3ab0"

[[projects]]
  branch = "master"
  name = "github.com/vaughan0/go-ini"
  packages = ["."]
  revision = "a98ad7ee00ec53921f08832bc06ecf7fd600e6a1"

[[projects]]
  name = "gopkg.in/alecthomas/kingpin.v1"
  packages = ["."]
  revision = "45f9714aa86a9624491adeaab1e9df1baf84dd38"
  version = "v1.3.7"

[solve-meta]
  analyzer-name = "dep"
  analyzer-version = 1
  inputs-digest = "ea62958bf07072af0366aecace64fb3444861a70b0616ca2d8fa43d69015f0ee"
  solver-name = "gps-cdcl"
  solver-version = 1
